
Microsoft Visual Studio Solution File, Format Version 12.00
# Visual Studio Version 16
VisualStudioVersion = 16.0.35229.62
MinimumVisualStudioVersion = 10.0.40219.1
Project("{9A19103F-16F7-4668-BE54-9A1E7A4F7556}") = "AstreaProcessAutomator", "AstreaProcessAutomator\AstreaProcessAutomator.csproj", "{BFD518C4-6048-4A81-802A-72A5036F93CB}"
EndProject
Global
	GlobalSection(SolutionConfigurationPlatforms) = preSolution
		Debug|Any CPU = Debug|Any CPU
		Release|Any CPU = Release|Any CPU
	EndGlobalSection
	GlobalSection(ProjectConfigurationPlatforms) = postSolution
		{BFD518C4-6048-4A81-802A-72A5036F93CB}.Debug|Any CPU.ActiveCfg = Debug|Any CPU
		{BFD518C4-6048-4A81-802A-72A5036F93CB}.Debug|Any CPU.Build.0 = Debug|Any CPU
		{BFD518C4-6048-4A81-802A-72A5036F93CB}.Release|Any CPU.ActiveCfg = Release|Any CPU
		{BFD518C4-6048-4A81-802A-72A5036F93CB}.Release|Any CPU.Build.0 = Release|Any CPU
	EndGlobalSection
	GlobalSection(SolutionProperties) = preSolution
		HideSolutionNode = FALSE
	EndGlobalSection
	GlobalSection(ExtensibilityGlobals) = postSolution
		SolutionGuid = {8E9C8087-C51E-4F42-ACEF-7A8BA4192553}
	EndGlobalSection
EndGlobal
